// !$*UTF8*$!
{
	archiveVersion = 1;
	classes = {
	};
	objectVersion = 46;
	objects = {

/* Begin PBXBuildFile section */
		D80DE3AC1BA0782400132983 /* AppDelegate.swift in Sources */ = {isa = PBXBuildFile; fileRef = D80DE3AB1BA0782400132983 /* AppDelegate.swift */; };
		D80DE3B11BA0782400132983 /* Main.storyboard in Resources */ = {isa = PBXBuildFile; fileRef = D80DE3AF1BA0782400132983 /* Main.storyboard */; };
		D80DE3B31BA0782400132983 /* Images.xcassets in Resources */ = {isa = PBXBuildFile; fileRef = D80DE3B21BA0782400132983 /* Images.xcassets */; };
		D80DE3B61BA0782400132983 /* LaunchScreen.xib in Resources */ = {isa = PBXBuildFile; fileRef = D80DE3B41BA0782400132983 /* LaunchScreen.xib */; };
		D80DE3C21BA0782400132983 /* CalculatorDemoTests.swift in Sources */ = {isa = PBXBuildFile; fileRef = D80DE3C11BA0782400132983 /* CalculatorDemoTests.swift */; };
		D80DE3CC1BA0793F00132983 /* CalculatorViewController.swift in Sources */ = {isa = PBXBuildFile; fileRef = D80DE3CB1BA0793F00132983 /* CalculatorViewController.swift */; };
		D88D114C1BA0D01C00EAE61F /* CalculatorBrain.swift in Sources */ = {isa = PBXBuildFile; fileRef = D88D114B1BA0D01C00EAE61F /* CalculatorBrain.swift */; };
/* End PBXBuildFile section */

/* Begin PBXContainerItemProxy section */
		D80DE3BC1BA0782400132983 /* PBXContainerItemProxy */ = {
			isa = PBXContainerItemProxy;
			containerPortal = D80DE39E1BA0782400132983 /* Project object */;
			proxyType = 1;
			remoteGlobalIDString = D80DE3A51BA0782400132983;
			remoteInfo = CalculatorDemo;
		};
/* End PBXContainerItemProxy section */

/* Begin PBXFileReference section */
		D80DE3A61BA0782400132983 /* CalculatorDemo.app */ = {isa = PBXFileReference; explicitFileType = wrapper.application; includeInIndex = 0; path = CalculatorDemo.app; sourceTree = BUILT_PRODUCTS_DIR; };
		D80DE3AA1BA0782400132983 /* Info.plist */ = {isa = PBXFileReference; lastKnownFileType = text.plist.xml; path = Info.plist; sourceTree = "<group>"; };
		D80DE3AB1BA0782400132983 /* AppDelegate.swift */ = {isa = PBXFileReference; lastKnownFileType = sourcecode.swift; path = AppDelegate.swift; sourceTree = "<group>"; };
		D80DE3B01BA0782400132983 /* Base */ = {isa = PBXFileReference; lastKnownFileType = file.storyboard; name = Base; path = Base.lproj/Main.storyboard; sourceTree = "<group>"; };
		D80DE3B21BA0782400132983 /* Images.xcassets */ = {isa = PBXFileReference; lastKnownFileType = folder.assetcatalog; path = Images.xcassets; sourceTree = "<group>"; };
		D80DE3B51BA0782400132983 /* Base */ = {isa = PBXFileReference; lastKnownFileType = file.xib; name = Base; path = Base.lproj/LaunchScreen.xib; sourceTree = "<group>"; };
		D80DE3BB1BA0782400132983 /* CalculatorDemoTests.xctest */ = {isa = PBXFileReference; explicitFileType = wrapper.cfbundle; includeInIndex = 0; path = CalculatorDemoTests.xctest; sourceTree = BUILT_PRODUCTS_DIR; };
		D80DE3C01BA0782400132983 /* Info.plist */ = {isa = PBXFileReference; lastKnownFileType = text.plist.xml; path = Info.plist; sourceTree = "<group>"; };
		D80DE3C11BA0782400132983 /* CalculatorDemoTests.swift */ = {isa = PBXFileReference; lastKnownFileType = sourcecode.swift; path = CalculatorDemoTests.swift; sourceTree = "<group>"; };
		D80DE3CB1BA0793F00132983 /* CalculatorViewController.swift */ = {isa = PBXFileReference; fileEncoding = 4; lastKnownFileType = sourcecode.swift; path = CalculatorViewController.swift; sourceTree = "<group>"; };
		D88D114B1BA0D01C00EAE61F /* CalculatorBrain.swift */ = {isa = PBXFileReference; fileEncoding = 4; lastKnownFileType = sourcecode.swift; path = CalculatorBrain.swift; sourceTree = "<group>"; };
/* End PBXFileReference section */

/* Begin PBXFrameworksBuildPhase section */
		D80DE3A31BA0782400132983 /* Frameworks */ = {
			isa = PBXFrameworksBuildPhase;
			buildActionMask = 2147483647;
			files = (
			);
			runOnlyForDeploymentPostprocessing = 0;
		};
		D80DE3B81BA0782400132983 /* Frameworks */ = {
			isa = PBXFrameworksBuildPhase;
			buildActionMask = 2147483647;
			files = (
			);
			runOnlyForDeploymentPostprocessing = 0;
		};
/* End PBXFrameworksBuildPhase section */

/* Begin PBXGroup section */
		D80DE39D1BA0782400132983 = {
			isa = PBXGroup;
			children = (
				D80DE3A81BA0782400132983 /* CalculatorDemo */,
				D80DE3BE1BA0782400132983 /* CalculatorDemoTests */,
				D80DE3A71BA0782400132983 /* Products */,
			);
			sourceTree = "<group>";
		};
		D80DE3A71BA0782400132983 /* Products */ = {
			isa = PBXGroup;
			children = (
				D80DE3A61BA0782400132983 /* CalculatorDemo.app */,
				D80DE3BB1BA0782400132983 /* CalculatorDemoTests.xctest */,
			);
			name = Products;
			sourceTree = "<group>";
		};
		D80DE3A81BA0782400132983 /* CalculatorDemo */ = {
			isa = PBXGroup;
			children = (
				D80DE3AB1BA0782400132983 /* AppDelegate.swift */,
				D80DE3CB1BA0793F00132983 /* CalculatorViewController.swift */,
				D80DE3AF1BA0782400132983 /* Main.storyboard */,
				D80DE3B21BA0782400132983 /* Images.xcassets */,
				D80DE3B41BA0782400132983 /* LaunchScreen.xib */,
				D80DE3A91BA0782400132983 /* Supporting Files */,
				D88D114B1BA0D01C00EAE61F /* CalculatorBrain.swift */,
			);
			path = CalculatorDemo;
			sourceTree = "<group>";
		};
		D80DE3A91BA0782400132983 /* Supporting Files */ = {
			isa = PBXGroup;
			children = (
				D80DE3AA1BA0782400132983 /* Info.plist */,
			);
			name = "Supporting Files";
			sourceTree = "<group>";
		};
		D80DE3BE1BA0782400132983 /* CalculatorDemoTests */ = {
			isa = PBXGroup;
			children = (
				D80DE3C11BA0782400132983 /* CalculatorDemoTests.swift */,
				D80DE3BF1BA0782400132983 /* Supporting Files */,
			);
			path = CalculatorDemoTests;
			sourceTree = "<group>";
		};
		D80DE3BF1BA0782400132983 /* Supporting Files */ = {
			isa = PBXGroup;
			children = (
				D80DE3C01BA0782400132983 /* Info.plist */,
			);
			name = "Supporting Files";
			sourceTree = "<group>";
		};
/* End PBXGroup section */

/* Begin PBXNativeTarget section */
		D80DE3A51BA0782400132983 /* CalculatorDemo */ = {
			isa = PBXNativeTarget;
			buildConfigurationList = D80DE3C51BA0782400132983 /* Build configuration list for PBXNativeTarget "CalculatorDemo" */;
			buildPhases = (
				D80DE3A21BA0782400132983 /* Sources */,
				D80DE3A31BA0782400132983 /* Frameworks */,
				D80DE3A41BA0782400132983 /* Resources */,
			);
			buildRules = (
			);
			dependencies = (
			);
			name = CalculatorDemo;
			productName = CalculatorDemo;
			productReference = D80DE3A61BA0782400132983 /* CalculatorDemo.app */;
			productType = "com.apple.product-type.application";
		};
		D80DE3BA1BA0782400132983 /* CalculatorDemoTests */ = {
			isa = PBXNativeTarget;
			buildConfigurationList = D80DE3C81BA0782400132983 /* Build configuration list for PBXNativeTarget "CalculatorDemoTests" */;
			buildPhases = (
				D80DE3B71BA0782400132983 /* Sources */,
				D80DE3B81BA0782400132983 /* Frameworks */,
				D80DE3B91BA0782400132983 /* Resources */,
			);
			buildRules = (
			);
			dependencies = (
				D80DE3BD1BA0782400132983 /* PBXTargetDependency */,
			);
			name = CalculatorDemoTests;
			productName = CalculatorDemoTests;
			productReference = D80DE3BB1BA0782400132983 /* CalculatorDemoTests.xctest */;
			productType = "com.apple.product-type.bundle.unit-test";
		};
/* End PBXNativeTarget section */

/* Begin PBXProject section */
		D80DE39E1BA0782400132983 /* Project object */ = {
			isa = PBXProject;
			attributes = {
				LastSwiftMigration = 0700;
				LastSwiftUpdateCheck = 0700;
				LastUpgradeCheck = 0700;
				ORGANIZATIONNAME = "Nathan Crowther";
				TargetAttributes = {
					D80DE3A51BA0782400132983 = {
						CreatedOnToolsVersion = 6.3.2;
					};
					D80DE3BA1BA0782400132983 = {
						CreatedOnToolsVersion = 6.3.2;
						TestTargetID = D80DE3A51BA0782400132983;
					};
				};
			};
			buildConfigurationList = D80DE3A11BA0782400132983 /* Build configuration list for PBXProject "CalculatorDemo" */;
			compatibilityVersion = "Xcode 3.2";
			developmentRegion = English;
			hasScannedForEncodings = 0;
			knownRegions = (
				en,
				Base,
			);
			mainGroup = D80DE39D1BA0782400132983;
			productRefGroup = D80DE3A71BA0782400132983 /* Products */;
			projectDirPath = "";
			projectRoot = "";
			targets = (
				D80DE3A51BA0782400132983 /* CalculatorDemo */,
				D80DE3BA1BA0782400132983 /* CalculatorDemoTests */,
			);
		};
/* End PBXProject section */

/* Begin PBXResourcesBuildPhase section */
		D80DE3A41BA0782400132983 /* Resources */ = {
			isa = PBXResourcesBuildPhase;
			buildActionMask = 2147483647;
			files = (
				D80DE3B11BA0782400132983 /* Main.storyboard in Resources */,
				D80DE3B61BA0782400132983 /* LaunchScreen.xib in Resources */,
				D80DE3B31BA0782400132983 /* Images.xcassets in Resources */,
			);
			runOnlyForDeploymentPostprocessing = 0;
		};
		D80DE3B91BA0782400132983 /* Resources */ = {
			isa = PBXResourcesBuildPhase;
			buildActionMask = 2147483647;
			files = (
			);
			runOnlyForDeploymentPostprocessing = 0;
		};
/* End PBXResourcesBuildPhase section */

/* Begin PBXSourcesBuildPhase section */
		D80DE3A21BA0782400132983 /* Sources */ = {
			isa = PBXSourcesBuildPhase;
			buildActionMask = 2147483647;
			files = (
				D88D114C1BA0D01C00EAE61F /* CalculatorBrain.swift in Sources */,
				D80DE3CC1BA0793F00132983 /* CalculatorViewController.swift in Sources */,
				D80DE3AC1BA0782400132983 /* AppDelegate.swift in Sources */,
			);
			runOnlyForDeploymentPostprocessing = 0;
		};
		D80DE3B71BA0782400132983 /* Sources */ = {
			isa = PBXSourcesBuildPhase;
			buildActionMask = 2147483647;
			files = (
				D80DE3C21BA0782400132983 /* CalculatorDemoTests.swift in Sources */,
			);
			runOnlyForDeploymentPostprocessing = 0;
		};
/* End PBXSourcesBuildPhase section */

/* Begin PBXTargetDependency section */
		D80DE3BD1BA0782400132983 /* PBXTargetDependency */ = {
			isa = PBXTargetDependency;
			target = D80DE3A51BA0782400132983 /* CalculatorDemo */;
			targetProxy = D80DE3BC1BA0782400132983 /* PBXContainerItemProxy */;
		};
/* End PBXTargetDependency section */

/* Begin PBXVariantGroup section */
		D80DE3AF1BA0782400132983 /* Main.storyboard */ = {
			isa = PBXVariantGroup;
			children = (
				D80DE3B01BA0782400132983 /* Base */,
			);
			name = Main.storyboard;
			sourceTree = "<group>";
		};
		D80DE3B41BA0782400132983 /* LaunchScreen.xib */ = {
			isa = PBXVariantGroup;
			children = (
				D80DE3B51BA0782400132983 /* Base */,
			);
			name = LaunchScreen.xib;
			sourceTree = "<group>";
		};
/* End PBXVariantGroup section */

/* Begin XCBuildConfiguration section */
		D80DE3C31BA0782400132983 /* Debug */ = {
			isa = XCBuildConfiguration;
			buildSettings = {
				ALWAYS_SEARCH_USER_PATHS = NO;
				CLANG_CXX_LANGUAGE_STANDARD = "gnu++0x";
				CLANG_CXX_LIBRARY = "libc++";
				CLANG_ENABLE_MODULES = YES;
				CLANG_ENABLE_OBJC_ARC = YES;
				CLANG_WARN_BOOL_CONVERSION = YES;
				CLANG_WARN_CONSTANT_CONVERSION = YES;
				CLANG_WARN_DIRECT_OBJC_ISA_USAGE = YES_ERROR;
				CLANG_WARN_EMPTY_BODY = YES;
				CLANG_WARN_ENUM_CONVERSION = YES;
				CLANG_WARN_INT_CONVERSION = YES;
				CLANG_WARN_OBJC_ROOT_CLASS = YES_ERROR;
				CLANG_WARN_UNREACHABLE_CODE = YES;
				CLANG_WARN__DUPLICATE_METHOD_MATCH = YES;
				"CODE_SIGN_IDENTITY[sdk=iphoneos*]" = "iPhone Developer";
				COPY_PHASE_STRIP = NO;
				DEBUG_INFORMATION_FORMAT = "dwarf-with-dsym";
				ENABLE_STRICT_OBJC_MSGSEND = YES;
				ENABLE_TESTABILITY = YES;
				GCC_C_LANGUAGE_STANDARD = gnu99;
				GCC_DYNAMIC_NO_PIC = NO;
				GCC_NO_COMMON_BLOCKS = YES;
				GCC_OPTIMIZATION_LEVEL = 0;
				GCC_PREPROCESSOR_DEFINITIONS = (
					"DEBUG=1",
					"$(inherited)",
				);
				GCC_SYMBOLS_PRIVATE_EXTERN = NO;
				GCC_WARN_64_TO_32_BIT_CONVERSION = YES;
				GCC_WARN_ABOUT_RETURN_TYPE = YES_ERROR;
				GCC_WARN_UNDECLARED_SELECTOR = YES;
				GCC_WARN_UNINITIALIZED_AUTOS = YES_AGGRESSIVE;
				GCC_WARN_UNUSED_FUNCTION = YES;
				GCC_WARN_UNUSED_VARIABLE = YES;
				IPHONEOS_DEPLOYMENT_TARGET = 8.3;
				MTL_ENABLE_DEBUG_INFO = YES;
				ONLY_ACTIVE_ARCH = YES;
				SDKROOT = iphoneos;
				SWIFT_OPTIMIZATION_LEVEL = "-Onone";
				TARGETED_DEVICE_FAMILY = "1,2";
			};
			name = Debug;
		};
		D80DE3C41BA0782400132983 /* Release */ = {
			isa = XCBuildConfiguration;
			buildSettings = {
				ALWAYS_SEARCH_USER_PATHS = NO;
				CLANG_CXX_LANGUAGE_STANDARD = "gnu++0x";
				CLANG_CXX_LIBRARY = "libc++";
				CLANG_ENABLE_MODULES = YES;
				CLANG_ENABLE_OBJC_ARC = YES;
				CLANG_WARN_BOOL_CONVERSION = YES;
				CLANG_WARN_CONSTANT_CONVERSION = YES;
				CLANG_WARN_DIRECT_OBJC_ISA_USAGE = YES_ERROR;
				CLANG_WARN_EMPTY_BODY = YES;
				CLANG_WARN_ENUM_CONVERSION = YES;
				CLANG_WARN_INT_CONVERSION = YES;
				CLANG_WARN_OBJC_ROOT_CLASS = YES_ERROR;
				CLANG_WARN_UNREACHABLE_CODE = YES;
				CLANG_WARN__DUPLICATE_METHOD_MATCH = YES;
				"CODE_SIGN_IDENTITY[sdk=iphoneos*]" = "iPhone Developer";
				COPY_PHASE_STRIP = NO;
				DEBUG_INFORMATION_FORMAT = "dwarf-with-dsym";
				ENABLE_NS_ASSERTIONS = NO;
				ENABLE_STRICT_OBJC_MSGSEND = YES;
				GCC_C_LANGUAGE_STANDARD = gnu99;
				GCC_NO_COMMON_BLOCKS = YES;
				GCC_WARN_64_TO_32_BIT_CONVERSION = YES;
				GCC_WARN_ABOUT_RETURN_TYPE = YES_ERROR;
				GCC_WARN_UNDECLARED_SELECTOR = YES;
				GCC_WARN_UNINITIALIZED_AUTOS = YES_AGGRESSIVE;
				GCC_WARN_UNUSED_FUNCTION = YES;
				GCC_WARN_UNUSED_VARIABLE = YES;
				IPHONEOS_DEPLOYMENT_TARGET = 8.3;
				MTL_ENABLE_DEBUG_INFO = NO;
				SDKROOT = iphoneos;
				TARGETED_DEVICE_FAMILY = "1,2";
				VALIDATE_PRODUCT = YES;
			};
			name = Release;
		};
		D80DE3C61BA0782400132983 /* Debug */ = {
			isa = XCBuildConfiguration;
			buildSettings = {
				ASSETCATALOG_COMPILER_APPICON_NAME = AppIcon;
				INFOPLIST_FILE = CalculatorDemo/Info.plist;
				LD_RUNPATH_SEARCH_PATHS = "$(inherited) @executable_path/Frameworks";
				PRODUCT_BUNDLE_IDENTIFIER = "com.thecrownest.$(PRODUCT_NAME:rfc1034identifier)";
				PRODUCT_NAME = "$(TARGET_NAME)";
			};
			name = Debug;
		};
		D80DE3C71BA0782400132983 /* Release */ = {
			isa = XCBuildConfiguration;
			buildSettings = {
				ASSETCATALOG_COMPILER_APPICON_NAME = AppIcon;
				INFOPLIST_FILE = CalculatorDemo/Info.plist;
				LD_RUNPATH_SEARCH_PATHS = "$(inherited) @executable_path/Frameworks";
				PRODUCT_BUNDLE_IDENTIFIER = "com.thecrownest.$(PRODUCT_NAME:rfc1034identifier)";
				PRODUCT_NAME = "$(TARGET_NAME)";
			};
			name = Release;
		};
		D80DE3C91BA0782400132983 /* Debug */ = {
			isa = XCBuildConfiguration;
			buildSettings = {
				BUNDLE_LOADER = "$(TEST_HOST)";
				FRAMEWORK_SEARCH_PATHS = (
					"$(SDKROOT)/Developer/Library/Frameworks",
					"$(inherited)",
				);
				GCC_PREPROCESSOR_DEFINITIONS = (
					"DEBUG=1",
					"$(inherited)",
				);
				INFOPLIST_FILE = CalculatorDemoTests/Info.plist;
				LD_RUNPATH_SEARCH_PATHS = "$(inherited) @executable_path/Frameworks @loader_path/Frameworks";
				PRODUCT_BUNDLE_IDENTIFIER = "com.thecrownest.$(PRODUCT_NAME:rfc1034identifier)";
				PRODUCT_NAME = "$(TARGET_NAME)";
				TEST_HOST = "$(BUILT_PRODUCTS_DIR)/CalculatorDemo.app/CalculatorDemo";
			};
			name = Debug;
		};
		D80DE3CA1BA0782400132983 /* Release */ = {
			isa = XCBuildConfiguration;
			buildSettings = {
				BUNDLE_LOADER = "$(TEST_HOST)";
				FRAMEWORK_SEARCH_PATHS = (
					"$(SDKROOT)/Developer/Library/Frameworks",
					"$(inherited)",
				);
				INFOPLIST_FILE = CalculatorDemoTests/Info.plist;
				LD_RUNPATH_SEARCH_PATHS = "$(inherited) @executable_path/Frameworks @loader_path/Frameworks";
				PRODUCT_BUNDLE_IDENTIFIER = "com.thecrownest.$(PRODUCT_NAME:rfc1034identifier)";
				PRODUCT_NAME = "$(TARGET_NAME)";
				TEST_HOST = "$(BUILT_PRODUCTS_DIR)/CalculatorDemo.app/CalculatorDemo";
			};
			name = Release;
		};
/* End XCBuildConfiguration section */

/* Begin XCConfigurationList section */
		D80DE3A11BA0782400132983 /* Build configuration list for PBXProject "CalculatorDemo" */ = {
			isa = XCConfigurationList;
			buildConfigurations = (
				D80DE3C31BA0782400132983 /* Debug */,
				D80DE3C41BA0782400132983 /* Release */,
			);
			defaultConfigurationIsVisible = 0;
			defaultConfigurationName = Release;
		};
		D80DE3C51BA0782400132983 /* Build configuration list for PBXNativeTarget "CalculatorDemo" */ = {
			isa = XCConfigurationList;
			buildConfigurations = (
				D80DE3C61BA0782400132983 /* Debug */,
				D80DE3C71BA0782400132983 /* Release */,
			);
			defaultConfigurationIsVisible = 0;
			defaultConfigurationName = Release;
		};
		D80DE3C81BA0782400132983 /* Build configuration list for PBXNativeTarget "CalculatorDemoTests" */ = {
			isa = XCConfigurationList;
			buildConfigurations = (
				D80DE3C91BA0782400132983 /* Debug */,
				D80DE3CA1BA0782400132983 /* Release */,
			);
			defaultConfigurationIsVisible = 0;
			defaultConfigurationName = Release;
		};
/* End XCConfigurationList section */
	};
	rootObject = D80DE39E1BA0782400132983 /* Project object */;
}
