// !$*UTF8*$!
{
	archiveVersion = 1;
	classes = {
	};
	objectVersion = 46;
	objects = {

/* Begin PBXBuildFile section */
		D84A61751BF2BD4100DD7FA8 /* GeoDatabase.swift in Sources */ = {isa = PBXBuildFile; fileRef = D84A616E1BF2BD4100DD7FA8 /* GeoDatabase.swift */; };
		D84A61761BF2BD4100DD7FA8 /* GeoPlace.swift in Sources */ = {isa = PBXBuildFile; fileRef = D84A616F1BF2BD4100DD7FA8 /* GeoPlace.swift */; };
		D84A61771BF2BD4100DD7FA8 /* ScriptureRenderer.swift in Sources */ = {isa = PBXBuildFile; fileRef = D84A61701BF2BD4100DD7FA8 /* ScriptureRenderer.swift */; };
		D84A61781BF2BD4100DD7FA8 /* Book.swift in Sources */ = {isa = PBXBuildFile; fileRef = D84A61711BF2BD4100DD7FA8 /* Book.swift */; };
		D84A61791BF2BD4100DD7FA8 /* MapScripturesIcon.psd in Resources */ = {isa = PBXBuildFile; fileRef = D84A61721BF2BD4100DD7FA8 /* MapScripturesIcon.psd */; };
		D84A617A1BF2BD4100DD7FA8 /* geo.21.sqlite in Resources */ = {isa = PBXBuildFile; fileRef = D84A61731BF2BD4100DD7FA8 /* geo.21.sqlite */; };
		D84A617B1BF2BD4100DD7FA8 /* scripture.css in Resources */ = {isa = PBXBuildFile; fileRef = D84A61741BF2BD4100DD7FA8 /* scripture.css */; };
		D84A619F1BF2BFFE00DD7FA8 /* VolumesViewController.swift in Sources */ = {isa = PBXBuildFile; fileRef = D84A619E1BF2BFFE00DD7FA8 /* VolumesViewController.swift */; };
		D84A61A11BF2C00E00DD7FA8 /* BooksViewController.swift in Sources */ = {isa = PBXBuildFile; fileRef = D84A61A01BF2C00E00DD7FA8 /* BooksViewController.swift */; };
		D84A61A31BF2C58F00DD7FA8 /* MapKit.framework in Frameworks */ = {isa = PBXBuildFile; fileRef = D84A61A21BF2C58F00DD7FA8 /* MapKit.framework */; };
		D84A61A51BF2C62600DD7FA8 /* ScriptureViewController.swift in Sources */ = {isa = PBXBuildFile; fileRef = D84A61A41BF2C62600DD7FA8 /* ScriptureViewController.swift */; };
		D870F4B51C03E63D0076A5A5 /* SQLite.framework in Frameworks */ = {isa = PBXBuildFile; fileRef = D84A61B51BF38F3D00DD7FA8 /* SQLite.framework */; };
		D870F4B81C03E69C0076A5A5 /* SQLite.framework in CopyFiles */ = {isa = PBXBuildFile; fileRef = D84A61B51BF38F3D00DD7FA8 /* SQLite.framework */; settings = {ATTRIBUTES = (CodeSignOnCopy, RemoveHeadersOnCopy, ); }; };
		D870F4B91C03E69C0076A5A5 /* SQLite.framework in CopyFiles */ = {isa = PBXBuildFile; fileRef = D84A61B91BF38F3D00DD7FA8 /* SQLite.framework */; settings = {ATTRIBUTES = (CodeSignOnCopy, RemoveHeadersOnCopy, ); }; };
		D89A84111BF0FCC2009E78BD /* AppDelegate.swift in Sources */ = {isa = PBXBuildFile; fileRef = D89A84101BF0FCC2009E78BD /* AppDelegate.swift */; };
		D89A84151BF0FCC2009E78BD /* MapViewController.swift in Sources */ = {isa = PBXBuildFile; fileRef = D89A84141BF0FCC2009E78BD /* MapViewController.swift */; };
		D89A84181BF0FCC2009E78BD /* Main.storyboard in Resources */ = {isa = PBXBuildFile; fileRef = D89A84161BF0FCC2009E78BD /* Main.storyboard */; };
		D89A841A1BF0FCC2009E78BD /* Assets.xcassets in Resources */ = {isa = PBXBuildFile; fileRef = D89A84191BF0FCC2009E78BD /* Assets.xcassets */; };
		D89A841D1BF0FCC2009E78BD /* LaunchScreen.storyboard in Resources */ = {isa = PBXBuildFile; fileRef = D89A841B1BF0FCC2009E78BD /* LaunchScreen.storyboard */; };
		D8F5AFA21BFCD0110050EB3D /* ChapterViewController.swift in Sources */ = {isa = PBXBuildFile; fileRef = D8F5AFA11BFCD0110050EB3D /* ChapterViewController.swift */; };
		D8F990D81C0E2BB800E34326 /* NewMapViewController.swift in Sources */ = {isa = PBXBuildFile; fileRef = D8F990D71C0E2BB800E34326 /* NewMapViewController.swift */; };
		D8F990DA1C0E2BC000E34326 /* MapConfiguration.swift in Sources */ = {isa = PBXBuildFile; fileRef = D8F990D91C0E2BC000E34326 /* MapConfiguration.swift */; };
		D8F990DC1C0E2BE300E34326 /* SuggestGeocodingViewController.swift in Sources */ = {isa = PBXBuildFile; fileRef = D8F990DB1C0E2BE300E34326 /* SuggestGeocodingViewController.swift */; };
/* End PBXBuildFile section */

/* Begin PBXContainerItemProxy section */
		D84A61B41BF38F3D00DD7FA8 /* PBXContainerItemProxy */ = {
			isa = PBXContainerItemProxy;
			containerPortal = D84A61A81BF38F3C00DD7FA8 /* SQLite.xcodeproj */;
			proxyType = 2;
			remoteGlobalIDString = DC2B29E21B26F718001C60EA;
			remoteInfo = "SQLite iOS";
		};
		D84A61B61BF38F3D00DD7FA8 /* PBXContainerItemProxy */ = {
			isa = PBXContainerItemProxy;
			containerPortal = D84A61A81BF38F3C00DD7FA8 /* SQLite.xcodeproj */;
			proxyType = 2;
			remoteGlobalIDString = DC2B29EC1B26F718001C60EA;
			remoteInfo = "SQLite iOS Tests";
		};
		D84A61B81BF38F3D00DD7FA8 /* PBXContainerItemProxy */ = {
			isa = PBXContainerItemProxy;
			containerPortal = D84A61A81BF38F3C00DD7FA8 /* SQLite.xcodeproj */;
			proxyType = 2;
			remoteGlobalIDString = DC7253AC1B52ADEB009B38B1;
			remoteInfo = "SQLite Mac";
		};
		D84A61BA1BF38F3D00DD7FA8 /* PBXContainerItemProxy */ = {
			isa = PBXContainerItemProxy;
			containerPortal = D84A61A81BF38F3C00DD7FA8 /* SQLite.xcodeproj */;
			proxyType = 2;
			remoteGlobalIDString = DC7253B51B52ADEC009B38B1;
			remoteInfo = "SQLite Mac Tests";
		};
		D84A61BC1BF38F3D00DD7FA8 /* PBXContainerItemProxy */ = {
			isa = PBXContainerItemProxy;
			containerPortal = D84A61A81BF38F3C00DD7FA8 /* SQLite.xcodeproj */;
			proxyType = 2;
			remoteGlobalIDString = DCE7BB7A1B7434F90040D364;
			remoteInfo = "SQLiteCipher iOS";
		};
		D84A61BE1BF38F3D00DD7FA8 /* PBXContainerItemProxy */ = {
			isa = PBXContainerItemProxy;
			containerPortal = D84A61A81BF38F3C00DD7FA8 /* SQLite.xcodeproj */;
			proxyType = 2;
			remoteGlobalIDString = DCE7BB831B7434F90040D364;
			remoteInfo = "SQLiteCipher iOS Tests";
		};
		D84A61C01BF38F3D00DD7FA8 /* PBXContainerItemProxy */ = {
			isa = PBXContainerItemProxy;
			containerPortal = D84A61A81BF38F3C00DD7FA8 /* SQLite.xcodeproj */;
			proxyType = 2;
			remoteGlobalIDString = DCE7BBB01B7438610040D364;
			remoteInfo = "SQLiteCipher Mac";
		};
		D84A61C21BF38F3D00DD7FA8 /* PBXContainerItemProxy */ = {
			isa = PBXContainerItemProxy;
			containerPortal = D84A61A81BF38F3C00DD7FA8 /* SQLite.xcodeproj */;
			proxyType = 2;
			remoteGlobalIDString = DCE7BBB91B7438620040D364;
			remoteInfo = "SQLiteCipher Mac Tests";
		};
		D870F4AB1C03E6300076A5A5 /* PBXContainerItemProxy */ = {
			isa = PBXContainerItemProxy;
			containerPortal = D84A61A81BF38F3C00DD7FA8 /* SQLite.xcodeproj */;
			proxyType = 1;
			remoteGlobalIDString = DC2B29E11B26F718001C60EA;
			remoteInfo = "SQLite iOS";
		};
/* End PBXContainerItemProxy section */

/* Begin PBXCopyFilesBuildPhase section */
		D84A619C1BF2BE0B00DD7FA8 /* CopyFiles */ = {
			isa = PBXCopyFilesBuildPhase;
			buildActionMask = 2147483647;
			dstPath = "";
			dstSubfolderSpec = 7;
			files = (
				D870F4B81C03E69C0076A5A5 /* SQLite.framework in CopyFiles */,
				D870F4B91C03E69C0076A5A5 /* SQLite.framework in CopyFiles */,
			);
			runOnlyForDeploymentPostprocessing = 0;
		};
/* End PBXCopyFilesBuildPhase section */

/* Begin PBXFileReference section */
		D84A616E1BF2BD4100DD7FA8 /* GeoDatabase.swift */ = {isa = PBXFileReference; fileEncoding = 4; lastKnownFileType = sourcecode.swift; path = GeoDatabase.swift; sourceTree = "<group>"; };
		D84A616F1BF2BD4100DD7FA8 /* GeoPlace.swift */ = {isa = PBXFileReference; fileEncoding = 4; lastKnownFileType = sourcecode.swift; path = GeoPlace.swift; sourceTree = "<group>"; };
		D84A61701BF2BD4100DD7FA8 /* ScriptureRenderer.swift */ = {isa = PBXFileReference; fileEncoding = 4; lastKnownFileType = sourcecode.swift; path = ScriptureRenderer.swift; sourceTree = "<group>"; };
		D84A61711BF2BD4100DD7FA8 /* Book.swift */ = {isa = PBXFileReference; fileEncoding = 4; lastKnownFileType = sourcecode.swift; path = Book.swift; sourceTree = "<group>"; };
		D84A61721BF2BD4100DD7FA8 /* MapScripturesIcon.psd */ = {isa = PBXFileReference; lastKnownFileType = file; path = MapScripturesIcon.psd; sourceTree = "<group>"; };
		D84A61731BF2BD4100DD7FA8 /* geo.21.sqlite */ = {isa = PBXFileReference; lastKnownFileType = file; path = geo.21.sqlite; sourceTree = "<group>"; };
		D84A61741BF2BD4100DD7FA8 /* scripture.css */ = {isa = PBXFileReference; fileEncoding = 4; lastKnownFileType = text.css; path = scripture.css; sourceTree = "<group>"; };
		D84A619E1BF2BFFE00DD7FA8 /* VolumesViewController.swift */ = {isa = PBXFileReference; fileEncoding = 4; lastKnownFileType = sourcecode.swift; path = VolumesViewController.swift; sourceTree = "<group>"; };
		D84A61A01BF2C00E00DD7FA8 /* BooksViewController.swift */ = {isa = PBXFileReference; fileEncoding = 4; lastKnownFileType = sourcecode.swift; path = BooksViewController.swift; sourceTree = "<group>"; };
		D84A61A21BF2C58F00DD7FA8 /* MapKit.framework */ = {isa = PBXFileReference; lastKnownFileType = wrapper.framework; name = MapKit.framework; path = System/Library/Frameworks/MapKit.framework; sourceTree = SDKROOT; };
		D84A61A41BF2C62600DD7FA8 /* ScriptureViewController.swift */ = {isa = PBXFileReference; fileEncoding = 4; lastKnownFileType = sourcecode.swift; path = ScriptureViewController.swift; sourceTree = "<group>"; };
		D84A61A81BF38F3C00DD7FA8 /* SQLite.xcodeproj */ = {isa = PBXFileReference; lastKnownFileType = "wrapper.pb-project"; name = SQLite.xcodeproj; path = "SQLite.swift-master/SQLite.xcodeproj"; sourceTree = SOURCE_ROOT; };
		D89A840D1BF0FCC2009E78BD /* ScriptureMap.app */ = {isa = PBXFileReference; explicitFileType = wrapper.application; includeInIndex = 0; path = ScriptureMap.app; sourceTree = BUILT_PRODUCTS_DIR; };
		D89A84101BF0FCC2009E78BD /* AppDelegate.swift */ = {isa = PBXFileReference; lastKnownFileType = sourcecode.swift; lineEnding = 0; path = AppDelegate.swift; sourceTree = "<group>"; xcLanguageSpecificationIdentifier = xcode.lang.swift; };
		D89A84141BF0FCC2009E78BD /* MapViewController.swift */ = {isa = PBXFileReference; lastKnownFileType = sourcecode.swift; lineEnding = 0; path = MapViewController.swift; sourceTree = "<group>"; xcLanguageSpecificationIdentifier = xcode.lang.swift; };
		D89A84171BF0FCC2009E78BD /* Base */ = {isa = PBXFileReference; lastKnownFileType = file.storyboard; name = Base; path = Base.lproj/Main.storyboard; sourceTree = "<group>"; };
		D89A84191BF0FCC2009E78BD /* Assets.xcassets */ = {isa = PBXFileReference; lastKnownFileType = folder.assetcatalog; path = Assets.xcassets; sourceTree = "<group>"; };
		D89A841C1BF0FCC2009E78BD /* Base */ = {isa = PBXFileReference; lastKnownFileType = file.storyboard; name = Base; path = Base.lproj/LaunchScreen.storyboard; sourceTree = "<group>"; };
		D89A841E1BF0FCC2009E78BD /* Info.plist */ = {isa = PBXFileReference; lastKnownFileType = text.plist.xml; path = Info.plist; sourceTree = "<group>"; };
		D8F5AFA11BFCD0110050EB3D /* ChapterViewController.swift */ = {isa = PBXFileReference; fileEncoding = 4; lastKnownFileType = sourcecode.swift; path = ChapterViewController.swift; sourceTree = "<group>"; };
		D8F990D71C0E2BB800E34326 /* NewMapViewController.swift */ = {isa = PBXFileReference; fileEncoding = 4; lastKnownFileType = sourcecode.swift; path = NewMapViewController.swift; sourceTree = "<group>"; };
		D8F990D91C0E2BC000E34326 /* MapConfiguration.swift */ = {isa = PBXFileReference; fileEncoding = 4; lastKnownFileType = sourcecode.swift; path = MapConfiguration.swift; sourceTree = "<group>"; };
		D8F990DB1C0E2BE300E34326 /* SuggestGeocodingViewController.swift */ = {isa = PBXFileReference; fileEncoding = 4; lastKnownFileType = sourcecode.swift; path = SuggestGeocodingViewController.swift; sourceTree = "<group>"; };
/* End PBXFileReference section */

/* Begin PBXFrameworksBuildPhase section */
		D89A840A1BF0FCC2009E78BD /* Frameworks */ = {
			isa = PBXFrameworksBuildPhase;
			buildActionMask = 2147483647;
			files = (
				D870F4B51C03E63D0076A5A5 /* SQLite.framework in Frameworks */,
				D84A61A31BF2C58F00DD7FA8 /* MapKit.framework in Frameworks */,
			);
			runOnlyForDeploymentPostprocessing = 0;
		};
/* End PBXFrameworksBuildPhase section */

/* Begin PBXGroup section */
		D84A617C1BF2BD7B00DD7FA8 /* Assets */ = {
			isa = PBXGroup;
			children = (
				D84A61721BF2BD4100DD7FA8 /* MapScripturesIcon.psd */,
				D84A61741BF2BD4100DD7FA8 /* scripture.css */,
				D84A61731BF2BD4100DD7FA8 /* geo.21.sqlite */,
			);
			name = Assets;
			sourceTree = "<group>";
		};
		D84A61A91BF38F3C00DD7FA8 /* Products */ = {
			isa = PBXGroup;
			children = (
				D84A61B51BF38F3D00DD7FA8 /* SQLite.framework */,
				D84A61B71BF38F3D00DD7FA8 /* SQLite iOS Tests.xctest */,
				D84A61B91BF38F3D00DD7FA8 /* SQLite.framework */,
				D84A61BB1BF38F3D00DD7FA8 /* SQLite Mac Tests.xctest */,
				D84A61BD1BF38F3D00DD7FA8 /* SQLiteCipher.framework */,
				D84A61BF1BF38F3D00DD7FA8 /* SQLiteCipher iOS Tests.xctest */,
				D84A61C11BF38F3D00DD7FA8 /* SQLiteCipher.framework */,
				D84A61C31BF38F3D00DD7FA8 /* SQLiteCipher Mac Tests.xctest */,
			);
			name = Products;
			sourceTree = "<group>";
		};
		D89A84041BF0FCC2009E78BD = {
			isa = PBXGroup;
			children = (
				D84A61A81BF38F3C00DD7FA8 /* SQLite.xcodeproj */,
				D84A61A21BF2C58F00DD7FA8 /* MapKit.framework */,
				D89A840F1BF0FCC2009E78BD /* ScriptureMap */,
				D89A840E1BF0FCC2009E78BD /* Products */,
			);
			sourceTree = "<group>";
		};
		D89A840E1BF0FCC2009E78BD /* Products */ = {
			isa = PBXGroup;
			children = (
				D89A840D1BF0FCC2009E78BD /* ScriptureMap.app */,
			);
			name = Products;
			sourceTree = "<group>";
		};
		D89A840F1BF0FCC2009E78BD /* ScriptureMap */ = {
			isa = PBXGroup;
			children = (
				D89A84261BF0FD2C009E78BD /* Controller */,
				D89A84251BF0FD25009E78BD /* View */,
				D89A84241BF0FD1F009E78BD /* Model */,
				D89A84271BF0FD33009E78BD /* Supporting Files */,
				D84A617C1BF2BD7B00DD7FA8 /* Assets */,
			);
			path = ScriptureMap;
			sourceTree = "<group>";
		};
		D89A84241BF0FD1F009E78BD /* Model */ = {
			isa = PBXGroup;
			children = (
				D8F990D91C0E2BC000E34326 /* MapConfiguration.swift */,
				D84A61711BF2BD4100DD7FA8 /* Book.swift */,
				D84A616E1BF2BD4100DD7FA8 /* GeoDatabase.swift */,
				D84A616F1BF2BD4100DD7FA8 /* GeoPlace.swift */,
				D84A61701BF2BD4100DD7FA8 /* ScriptureRenderer.swift */,
			);
			name = Model;
			sourceTree = "<group>";
		};
		D89A84251BF0FD25009E78BD /* View */ = {
			isa = PBXGroup;
			children = (
				D89A84161BF0FCC2009E78BD /* Main.storyboard */,
				D89A841B1BF0FCC2009E78BD /* LaunchScreen.storyboard */,
			);
			name = View;
			sourceTree = "<group>";
		};
		D89A84261BF0FD2C009E78BD /* Controller */ = {
			isa = PBXGroup;
			children = (
				D8F990DB1C0E2BE300E34326 /* SuggestGeocodingViewController.swift */,
				D8F990D71C0E2BB800E34326 /* NewMapViewController.swift */,
				D84A61A01BF2C00E00DD7FA8 /* BooksViewController.swift */,
				D8F5AFA11BFCD0110050EB3D /* ChapterViewController.swift */,
				D89A84141BF0FCC2009E78BD /* MapViewController.swift */,
				D84A61A41BF2C62600DD7FA8 /* ScriptureViewController.swift */,
				D84A619E1BF2BFFE00DD7FA8 /* VolumesViewController.swift */,
			);
			name = Controller;
			sourceTree = "<group>";
		};
		D89A84271BF0FD33009E78BD /* Supporting Files */ = {
			isa = PBXGroup;
			children = (
				D89A84101BF0FCC2009E78BD /* AppDelegate.swift */,
				D89A84191BF0FCC2009E78BD /* Assets.xcassets */,
				D89A841E1BF0FCC2009E78BD /* Info.plist */,
			);
			name = "Supporting Files";
			sourceTree = "<group>";
		};
/* End PBXGroup section */

/* Begin PBXNativeTarget section */
		D89A840C1BF0FCC2009E78BD /* ScriptureMap */ = {
			isa = PBXNativeTarget;
			buildConfigurationList = D89A84211BF0FCC2009E78BD /* Build configuration list for PBXNativeTarget "ScriptureMap" */;
			buildPhases = (
				D89A84091BF0FCC2009E78BD /* Sources */,
				D89A840A1BF0FCC2009E78BD /* Frameworks */,
				D89A840B1BF0FCC2009E78BD /* Resources */,
				D84A619C1BF2BE0B00DD7FA8 /* CopyFiles */,
			);
			buildRules = (
			);
			dependencies = (
				D870F4AC1C03E6300076A5A5 /* PBXTargetDependency */,
			);
			name = ScriptureMap;
			productName = ScriptureMap;
			productReference = D89A840D1BF0FCC2009E78BD /* ScriptureMap.app */;
			productType = "com.apple.product-type.application";
		};
/* End PBXNativeTarget section */

/* Begin PBXProject section */
		D89A84051BF0FCC2009E78BD /* Project object */ = {
			isa = PBXProject;
			attributes = {
				LastSwiftUpdateCheck = 0710;
				LastUpgradeCheck = 0710;
				ORGANIZATIONNAME = "Nathan Crowther";
				TargetAttributes = {
					D89A840C1BF0FCC2009E78BD = {
						CreatedOnToolsVersion = 7.1;
						DevelopmentTeam = YMRL77PY9G;
					};
				};
			};
			buildConfigurationList = D89A84081BF0FCC2009E78BD /* Build configuration list for PBXProject "ScriptureMap" */;
			compatibilityVersion = "Xcode 3.2";
			developmentRegion = English;
			hasScannedForEncodings = 0;
			knownRegions = (
				en,
				Base,
			);
			mainGroup = D89A84041BF0FCC2009E78BD;
			productRefGroup = D89A840E1BF0FCC2009E78BD /* Products */;
			projectDirPath = "";
			projectReferences = (
				{
					ProductGroup = D84A61A91BF38F3C00DD7FA8 /* Products */;
					ProjectRef = D84A61A81BF38F3C00DD7FA8 /* SQLite.xcodeproj */;
				},
			);
			projectRoot = "";
			targets = (
				D89A840C1BF0FCC2009E78BD /* ScriptureMap */,
			);
		};
/* End PBXProject section */

/* Begin PBXReferenceProxy section */
		D84A61B51BF38F3D00DD7FA8 /* SQLite.framework */ = {
			isa = PBXReferenceProxy;
			fileType = wrapper.framework;
			path = SQLite.framework;
			remoteRef = D84A61B41BF38F3D00DD7FA8 /* PBXContainerItemProxy */;
			sourceTree = BUILT_PRODUCTS_DIR;
		};
		D84A61B71BF38F3D00DD7FA8 /* SQLite iOS Tests.xctest */ = {
			isa = PBXReferenceProxy;
			fileType = wrapper.cfbundle;
			path = "SQLite iOS Tests.xctest";
			remoteRef = D84A61B61BF38F3D00DD7FA8 /* PBXContainerItemProxy */;
			sourceTree = BUILT_PRODUCTS_DIR;
		};
		D84A61B91BF38F3D00DD7FA8 /* SQLite.framework */ = {
			isa = PBXReferenceProxy;
			fileType = wrapper.framework;
			path = SQLite.framework;
			remoteRef = D84A61B81BF38F3D00DD7FA8 /* PBXContainerItemProxy */;
			sourceTree = BUILT_PRODUCTS_DIR;
		};
		D84A61BB1BF38F3D00DD7FA8 /* SQLite Mac Tests.xctest */ = {
			isa = PBXReferenceProxy;
			fileType = wrapper.cfbundle;
			path = "SQLite Mac Tests.xctest";
			remoteRef = D84A61BA1BF38F3D00DD7FA8 /* PBXContainerItemProxy */;
			sourceTree = BUILT_PRODUCTS_DIR;
		};
		D84A61BD1BF38F3D00DD7FA8 /* SQLiteCipher.framework */ = {
			isa = PBXReferenceProxy;
			fileType = wrapper.framework;
			path = SQLiteCipher.framework;
			remoteRef = D84A61BC1BF38F3D00DD7FA8 /* PBXContainerItemProxy */;
			sourceTree = BUILT_PRODUCTS_DIR;
		};
		D84A61BF1BF38F3D00DD7FA8 /* SQLiteCipher iOS Tests.xctest */ = {
			isa = PBXReferenceProxy;
			fileType = wrapper.cfbundle;
			path = "SQLiteCipher iOS Tests.xctest";
			remoteRef = D84A61BE1BF38F3D00DD7FA8 /* PBXContainerItemProxy */;
			sourceTree = BUILT_PRODUCTS_DIR;
		};
		D84A61C11BF38F3D00DD7FA8 /* SQLiteCipher.framework */ = {
			isa = PBXReferenceProxy;
			fileType = wrapper.framework;
			path = SQLiteCipher.framework;
			remoteRef = D84A61C01BF38F3D00DD7FA8 /* PBXContainerItemProxy */;
			sourceTree = BUILT_PRODUCTS_DIR;
		};
		D84A61C31BF38F3D00DD7FA8 /* SQLiteCipher Mac Tests.xctest */ = {
			isa = PBXReferenceProxy;
			fileType = wrapper.cfbundle;
			path = "SQLiteCipher Mac Tests.xctest";
			remoteRef = D84A61C21BF38F3D00DD7FA8 /* PBXContainerItemProxy */;
			sourceTree = BUILT_PRODUCTS_DIR;
		};
/* End PBXReferenceProxy section */

/* Begin PBXResourcesBuildPhase section */
		D89A840B1BF0FCC2009E78BD /* Resources */ = {
			isa = PBXResourcesBuildPhase;
			buildActionMask = 2147483647;
			files = (
				D89A841D1BF0FCC2009E78BD /* LaunchScreen.storyboard in Resources */,
				D84A617B1BF2BD4100DD7FA8 /* scripture.css in Resources */,
				D84A617A1BF2BD4100DD7FA8 /* geo.21.sqlite in Resources */,
				D84A61791BF2BD4100DD7FA8 /* MapScripturesIcon.psd in Resources */,
				D89A841A1BF0FCC2009E78BD /* Assets.xcassets in Resources */,
				D89A84181BF0FCC2009E78BD /* Main.storyboard in Resources */,
			);
			runOnlyForDeploymentPostprocessing = 0;
		};
/* End PBXResourcesBuildPhase section */

/* Begin PBXSourcesBuildPhase section */
		D89A84091BF0FCC2009E78BD /* Sources */ = {
			isa = PBXSourcesBuildPhase;
			buildActionMask = 2147483647;
			files = (
				D8F5AFA21BFCD0110050EB3D /* ChapterViewController.swift in Sources */,
				D84A619F1BF2BFFE00DD7FA8 /* VolumesViewController.swift in Sources */,
				D84A61771BF2BD4100DD7FA8 /* ScriptureRenderer.swift in Sources */,
				D8F990DC1C0E2BE300E34326 /* SuggestGeocodingViewController.swift in Sources */,
				D8F990DA1C0E2BC000E34326 /* MapConfiguration.swift in Sources */,
				D84A61751BF2BD4100DD7FA8 /* GeoDatabase.swift in Sources */,
				D84A61781BF2BD4100DD7FA8 /* Book.swift in Sources */,
				D84A61761BF2BD4100DD7FA8 /* GeoPlace.swift in Sources */,
				D8F990D81C0E2BB800E34326 /* NewMapViewController.swift in Sources */,
				D89A84151BF0FCC2009E78BD /* MapViewController.swift in Sources */,
				D89A84111BF0FCC2009E78BD /* AppDelegate.swift in Sources */,
				D84A61A11BF2C00E00DD7FA8 /* BooksViewController.swift in Sources */,
				D84A61A51BF2C62600DD7FA8 /* ScriptureViewController.swift in Sources */,
			);
			runOnlyForDeploymentPostprocessing = 0;
		};
/* End PBXSourcesBuildPhase section */

/* Begin PBXTargetDependency section */
		D870F4AC1C03E6300076A5A5 /* PBXTargetDependency */ = {
			isa = PBXTargetDependency;
			name = "SQLite iOS";
			targetProxy = D870F4AB1C03E6300076A5A5 /* PBXContainerItemProxy */;
		};
/* End PBXTargetDependency section */

/* Begin PBXVariantGroup section */
		D89A84161BF0FCC2009E78BD /* Main.storyboard */ = {
			isa = PBXVariantGroup;
			children = (
				D89A84171BF0FCC2009E78BD /* Base */,
			);
			name = Main.storyboard;
			sourceTree = "<group>";
		};
		D89A841B1BF0FCC2009E78BD /* LaunchScreen.storyboard */ = {
			isa = PBXVariantGroup;
			children = (
				D89A841C1BF0FCC2009E78BD /* Base */,
			);
			name = LaunchScreen.storyboard;
			sourceTree = "<group>";
		};
/* End PBXVariantGroup section */

/* Begin XCBuildConfiguration section */
		D89A841F1BF0FCC2009E78BD /* Debug */ = {
			isa = XCBuildConfiguration;
			buildSettings = {
				ALWAYS_SEARCH_USER_PATHS = NO;
				CLANG_CXX_LANGUAGE_STANDARD = "gnu++0x";
				CLANG_CXX_LIBRARY = "libc++";
				CLANG_ENABLE_MODULES = YES;
				CLANG_ENABLE_OBJC_ARC = YES;
				CLANG_WARN_BOOL_CONVERSION = YES;
				CLANG_WARN_CONSTANT_CONVERSION = YES;
				CLANG_WARN_DIRECT_OBJC_ISA_USAGE = YES_ERROR;
				CLANG_WARN_EMPTY_BODY = YES;
				CLANG_WARN_ENUM_CONVERSION = YES;
				CLANG_WARN_INT_CONVERSION = YES;
				CLANG_WARN_OBJC_ROOT_CLASS = YES_ERROR;
				CLANG_WARN_UNREACHABLE_CODE = YES;
				CLANG_WARN__DUPLICATE_METHOD_MATCH = YES;
				"CODE_SIGN_IDENTITY[sdk=iphoneos*]" = "iPhone Developer";
				COPY_PHASE_STRIP = NO;
				DEBUG_INFORMATION_FORMAT = dwarf;
				ENABLE_STRICT_OBJC_MSGSEND = YES;
				ENABLE_TESTABILITY = YES;
				GCC_C_LANGUAGE_STANDARD = gnu99;
				GCC_DYNAMIC_NO_PIC = NO;
				GCC_NO_COMMON_BLOCKS = YES;
				GCC_OPTIMIZATION_LEVEL = 0;
				GCC_PREPROCESSOR_DEFINITIONS = (
					"DEBUG=1",
					"$(inherited)",
				);
				GCC_WARN_64_TO_32_BIT_CONVERSION = YES;
				GCC_WARN_ABOUT_RETURN_TYPE = YES_ERROR;
				GCC_WARN_UNDECLARED_SELECTOR = YES;
				GCC_WARN_UNINITIALIZED_AUTOS = YES_AGGRESSIVE;
				GCC_WARN_UNUSED_FUNCTION = YES;
				GCC_WARN_UNUSED_VARIABLE = YES;
				IPHONEOS_DEPLOYMENT_TARGET = 9.1;
				MTL_ENABLE_DEBUG_INFO = YES;
				ONLY_ACTIVE_ARCH = YES;
				SDKROOT = iphoneos;
				SWIFT_OPTIMIZATION_LEVEL = "-Onone";
				TARGETED_DEVICE_FAMILY = "1,2";
			};
			name = Debug;
		};
		D89A84201BF0FCC2009E78BD /* Release */ = {
			isa = XCBuildConfiguration;
			buildSettings = {
				ALWAYS_SEARCH_USER_PATHS = NO;
				CLANG_CXX_LANGUAGE_STANDARD = "gnu++0x";
				CLANG_CXX_LIBRARY = "libc++";
				CLANG_ENABLE_MODULES = YES;
				CLANG_ENABLE_OBJC_ARC = YES;
				CLANG_WARN_BOOL_CONVERSION = YES;
				CLANG_WARN_CONSTANT_CONVERSION = YES;
				CLANG_WARN_DIRECT_OBJC_ISA_USAGE = YES_ERROR;
				CLANG_WARN_EMPTY_BODY = YES;
				CLANG_WARN_ENUM_CONVERSION = YES;
				CLANG_WARN_INT_CONVERSION = YES;
				CLANG_WARN_OBJC_ROOT_CLASS = YES_ERROR;
				CLANG_WARN_UNREACHABLE_CODE = YES;
				CLANG_WARN__DUPLICATE_METHOD_MATCH = YES;
				"CODE_SIGN_IDENTITY[sdk=iphoneos*]" = "iPhone Developer";
				COPY_PHASE_STRIP = NO;
				DEBUG_INFORMATION_FORMAT = "dwarf-with-dsym";
				ENABLE_NS_ASSERTIONS = NO;
				ENABLE_STRICT_OBJC_MSGSEND = YES;
				GCC_C_LANGUAGE_STANDARD = gnu99;
				GCC_NO_COMMON_BLOCKS = YES;
				GCC_WARN_64_TO_32_BIT_CONVERSION = YES;
				GCC_WARN_ABOUT_RETURN_TYPE = YES_ERROR;
				GCC_WARN_UNDECLARED_SELECTOR = YES;
				GCC_WARN_UNINITIALIZED_AUTOS = YES_AGGRESSIVE;
				GCC_WARN_UNUSED_FUNCTION = YES;
				GCC_WARN_UNUSED_VARIABLE = YES;
				IPHONEOS_DEPLOYMENT_TARGET = 9.1;
				MTL_ENABLE_DEBUG_INFO = NO;
				SDKROOT = iphoneos;
				TARGETED_DEVICE_FAMILY = "1,2";
				VALIDATE_PRODUCT = YES;
			};
			name = Release;
		};
		D89A84221BF0FCC2009E78BD /* Debug */ = {
			isa = XCBuildConfiguration;
			buildSettings = {
				ASSETCATALOG_COMPILER_APPICON_NAME = AppIcon;
				CODE_SIGN_IDENTITY = "iPhone Developer";
				"CODE_SIGN_IDENTITY[sdk=iphoneos*]" = "iPhone Developer";
				INFOPLIST_FILE = ScriptureMap/Info.plist;
				LD_RUNPATH_SEARCH_PATHS = "$(inherited) @executable_path/Frameworks";
				PRODUCT_BUNDLE_IDENTIFIER = com.thecrownest.ScriptureMap;
				PRODUCT_NAME = "$(TARGET_NAME)";
				PROVISIONING_PROFILE = "";
			};
			name = Debug;
		};
		D89A84231BF0FCC2009E78BD /* Release */ = {
			isa = XCBuildConfiguration;
			buildSettings = {
				ASSETCATALOG_COMPILER_APPICON_NAME = AppIcon;
				CODE_SIGN_IDENTITY = "iPhone Developer";
				"CODE_SIGN_IDENTITY[sdk=iphoneos*]" = "iPhone Developer";
				INFOPLIST_FILE = ScriptureMap/Info.plist;
				LD_RUNPATH_SEARCH_PATHS = "$(inherited) @executable_path/Frameworks";
				PRODUCT_BUNDLE_IDENTIFIER = com.thecrownest.ScriptureMap;
				PRODUCT_NAME = "$(TARGET_NAME)";
				PROVISIONING_PROFILE = "";
			};
			name = Release;
		};
/* End XCBuildConfiguration section */

/* Begin XCConfigurationList section */
		D89A84081BF0FCC2009E78BD /* Build configuration list for PBXProject "ScriptureMap" */ = {
			isa = XCConfigurationList;
			buildConfigurations = (
				D89A841F1BF0FCC2009E78BD /* Debug */,
				D89A84201BF0FCC2009E78BD /* Release */,
			);
			defaultConfigurationIsVisible = 0;
			defaultConfigurationName = Release;
		};
		D89A84211BF0FCC2009E78BD /* Build configuration list for PBXNativeTarget "ScriptureMap" */ = {
			isa = XCConfigurationList;
			buildConfigurations = (
				D89A84221BF0FCC2009E78BD /* Debug */,
				D89A84231BF0FCC2009E78BD /* Release */,
			);
			defaultConfigurationIsVisible = 0;
			defaultConfigurationName = Release;
		};
/* End XCConfigurationList section */
	};
	rootObject = D89A84051BF0FCC2009E78BD /* Project object */;
}
