// !$*UTF8*$!
{
	archiveVersion = 1;
	classes = {
	};
	objectVersion = 46;
	objects = {

/* Begin PBXBuildFile section */
		D80B4C531BC5625100B35FAC /* RookCardViewController.swift in Sources */ = {isa = PBXBuildFile; fileRef = D80B4C521BC5625100B35FAC /* RookCardViewController.swift */; settings = {ASSET_TAGS = (); }; };
		D80B4C551BC5635000B35FAC /* RookCardView.swift in Sources */ = {isa = PBXBuildFile; fileRef = D80B4C541BC5635000B35FAC /* RookCardView.swift */; settings = {ASSET_TAGS = (); }; };
		D8315DD61BC96C4C002A7522 /* RookCard.swift in Sources */ = {isa = PBXBuildFile; fileRef = D8315DD51BC96C4C002A7522 /* RookCard.swift */; settings = {ASSET_TAGS = (); }; };
		D8315DDA1BCC4295002A7522 /* RookCardDeck.swift in Sources */ = {isa = PBXBuildFile; fileRef = D8315DD91BCC4295002A7522 /* RookCardDeck.swift */; settings = {ASSET_TAGS = (); }; };
		D84F75D01BC2E80200E17AA9 /* Scores.swift in Sources */ = {isa = PBXBuildFile; fileRef = D84F75CF1BC2E80200E17AA9 /* Scores.swift */; settings = {ASSET_TAGS = (); }; };
		D88248AC1BC2C770002642F9 /* PlayingCardView.swift in Sources */ = {isa = PBXBuildFile; fileRef = D88248AB1BC2C770002642F9 /* PlayingCardView.swift */; settings = {ASSET_TAGS = (); }; };
		D88F539C1BBCC3A800F1667A /* AppDelegate.swift in Sources */ = {isa = PBXBuildFile; fileRef = D88F539B1BBCC3A800F1667A /* AppDelegate.swift */; };
		D88F53A11BBCC3A800F1667A /* Main.storyboard in Resources */ = {isa = PBXBuildFile; fileRef = D88F539F1BBCC3A800F1667A /* Main.storyboard */; };
		D88F53A31BBCC3A800F1667A /* Assets.xcassets in Resources */ = {isa = PBXBuildFile; fileRef = D88F53A21BBCC3A800F1667A /* Assets.xcassets */; };
		D88F53A61BBCC3A800F1667A /* LaunchScreen.storyboard in Resources */ = {isa = PBXBuildFile; fileRef = D88F53A41BBCC3A800F1667A /* LaunchScreen.storyboard */; };
		D88F53B11BBCC3A800F1667A /* Matchismo3Tests.swift in Sources */ = {isa = PBXBuildFile; fileRef = D88F53B01BBCC3A800F1667A /* Matchismo3Tests.swift */; };
		D88F53BC1BBCC3A800F1667A /* Matchismo3UITests.swift in Sources */ = {isa = PBXBuildFile; fileRef = D88F53BB1BBCC3A800F1667A /* Matchismo3UITests.swift */; };
		D88F53CE1BBCC42800F1667A /* CardMatchingGame.swift in Sources */ = {isa = PBXBuildFile; fileRef = D88F53C91BBCC42800F1667A /* CardMatchingGame.swift */; settings = {ASSET_TAGS = (); }; };
		D88F53CF1BBCC42800F1667A /* PlayingCardDeck.swift in Sources */ = {isa = PBXBuildFile; fileRef = D88F53CA1BBCC42800F1667A /* PlayingCardDeck.swift */; settings = {ASSET_TAGS = (); }; };
		D88F53D01BBCC42800F1667A /* PlayingCard.swift in Sources */ = {isa = PBXBuildFile; fileRef = D88F53CB1BBCC42800F1667A /* PlayingCard.swift */; settings = {ASSET_TAGS = (); }; };
		D88F53D11BBCC42800F1667A /* Deck.swift in Sources */ = {isa = PBXBuildFile; fileRef = D88F53CC1BBCC42800F1667A /* Deck.swift */; settings = {ASSET_TAGS = (); }; };
		D88F53D21BBCC42800F1667A /* Card.swift in Sources */ = {isa = PBXBuildFile; fileRef = D88F53CD1BBCC42800F1667A /* Card.swift */; settings = {ASSET_TAGS = (); }; };
		D88F53D51BBCC45700F1667A /* CardGameViewController.swift in Sources */ = {isa = PBXBuildFile; fileRef = D88F53D41BBCC45700F1667A /* CardGameViewController.swift */; settings = {ASSET_TAGS = (); }; };
		D8FDCC501BC093E200C22BB2 /* ScoresViewController.swift in Sources */ = {isa = PBXBuildFile; fileRef = D8FDCC4F1BC093E200C22BB2 /* ScoresViewController.swift */; settings = {ASSET_TAGS = (); }; };
/* End PBXBuildFile section */

/* Begin PBXContainerItemProxy section */
		D88F53AD1BBCC3A800F1667A /* PBXContainerItemProxy */ = {
			isa = PBXContainerItemProxy;
			containerPortal = D88F53901BBCC3A800F1667A /* Project object */;
			proxyType = 1;
			remoteGlobalIDString = D88F53971BBCC3A800F1667A;
			remoteInfo = Matchismo3;
		};
		D88F53B81BBCC3A800F1667A /* PBXContainerItemProxy */ = {
			isa = PBXContainerItemProxy;
			containerPortal = D88F53901BBCC3A800F1667A /* Project object */;
			proxyType = 1;
			remoteGlobalIDString = D88F53971BBCC3A800F1667A;
			remoteInfo = Matchismo3;
		};
/* End PBXContainerItemProxy section */

/* Begin PBXFileReference section */
		D80B4C521BC5625100B35FAC /* RookCardViewController.swift */ = {isa = PBXFileReference; fileEncoding = 4; lastKnownFileType = sourcecode.swift; path = RookCardViewController.swift; sourceTree = "<group>"; };
		D80B4C541BC5635000B35FAC /* RookCardView.swift */ = {isa = PBXFileReference; fileEncoding = 4; lastKnownFileType = sourcecode.swift; path = RookCardView.swift; sourceTree = "<group>"; };
		D8315DD51BC96C4C002A7522 /* RookCard.swift */ = {isa = PBXFileReference; fileEncoding = 4; lastKnownFileType = sourcecode.swift; path = RookCard.swift; sourceTree = "<group>"; };
		D8315DD91BCC4295002A7522 /* RookCardDeck.swift */ = {isa = PBXFileReference; fileEncoding = 4; lastKnownFileType = sourcecode.swift; path = RookCardDeck.swift; sourceTree = "<group>"; };
		D84F75CF1BC2E80200E17AA9 /* Scores.swift */ = {isa = PBXFileReference; fileEncoding = 4; lastKnownFileType = sourcecode.swift; path = Scores.swift; sourceTree = "<group>"; };
		D88248AB1BC2C770002642F9 /* PlayingCardView.swift */ = {isa = PBXFileReference; fileEncoding = 4; lastKnownFileType = sourcecode.swift; path = PlayingCardView.swift; sourceTree = "<group>"; };
		D88F53981BBCC3A800F1667A /* Matchismo3.app */ = {isa = PBXFileReference; explicitFileType = wrapper.application; includeInIndex = 0; path = Matchismo3.app; sourceTree = BUILT_PRODUCTS_DIR; };
		D88F539B1BBCC3A800F1667A /* AppDelegate.swift */ = {isa = PBXFileReference; lastKnownFileType = sourcecode.swift; path = AppDelegate.swift; sourceTree = "<group>"; };
		D88F53A01BBCC3A800F1667A /* Base */ = {isa = PBXFileReference; lastKnownFileType = file.storyboard; name = Base; path = Base.lproj/Main.storyboard; sourceTree = "<group>"; };
		D88F53A21BBCC3A800F1667A /* Assets.xcassets */ = {isa = PBXFileReference; lastKnownFileType = folder.assetcatalog; path = Assets.xcassets; sourceTree = "<group>"; };
		D88F53A51BBCC3A800F1667A /* Base */ = {isa = PBXFileReference; lastKnownFileType = file.storyboard; name = Base; path = Base.lproj/LaunchScreen.storyboard; sourceTree = "<group>"; };
		D88F53A71BBCC3A800F1667A /* Info.plist */ = {isa = PBXFileReference; lastKnownFileType = text.plist.xml; path = Info.plist; sourceTree = "<group>"; };
		D88F53AC1BBCC3A800F1667A /* Matchismo3Tests.xctest */ = {isa = PBXFileReference; explicitFileType = wrapper.cfbundle; includeInIndex = 0; path = Matchismo3Tests.xctest; sourceTree = BUILT_PRODUCTS_DIR; };
		D88F53B01BBCC3A800F1667A /* Matchismo3Tests.swift */ = {isa = PBXFileReference; lastKnownFileType = sourcecode.swift; path = Matchismo3Tests.swift; sourceTree = "<group>"; };
		D88F53B21BBCC3A800F1667A /* Info.plist */ = {isa = PBXFileReference; lastKnownFileType = text.plist.xml; path = Info.plist; sourceTree = "<group>"; };
		D88F53B71BBCC3A800F1667A /* Matchismo3UITests.xctest */ = {isa = PBXFileReference; explicitFileType = wrapper.cfbundle; includeInIndex = 0; path = Matchismo3UITests.xctest; sourceTree = BUILT_PRODUCTS_DIR; };
		D88F53BB1BBCC3A800F1667A /* Matchismo3UITests.swift */ = {isa = PBXFileReference; lastKnownFileType = sourcecode.swift; path = Matchismo3UITests.swift; sourceTree = "<group>"; };
		D88F53BD1BBCC3A800F1667A /* Info.plist */ = {isa = PBXFileReference; lastKnownFileType = text.plist.xml; path = Info.plist; sourceTree = "<group>"; };
		D88F53C91BBCC42800F1667A /* CardMatchingGame.swift */ = {isa = PBXFileReference; fileEncoding = 4; lastKnownFileType = sourcecode.swift; path = CardMatchingGame.swift; sourceTree = "<group>"; };
		D88F53CA1BBCC42800F1667A /* PlayingCardDeck.swift */ = {isa = PBXFileReference; fileEncoding = 4; lastKnownFileType = sourcecode.swift; path = PlayingCardDeck.swift; sourceTree = "<group>"; };
		D88F53CB1BBCC42800F1667A /* PlayingCard.swift */ = {isa = PBXFileReference; fileEncoding = 4; lastKnownFileType = sourcecode.swift; path = PlayingCard.swift; sourceTree = "<group>"; };
		D88F53CC1BBCC42800F1667A /* Deck.swift */ = {isa = PBXFileReference; fileEncoding = 4; lastKnownFileType = sourcecode.swift; path = Deck.swift; sourceTree = "<group>"; };
		D88F53CD1BBCC42800F1667A /* Card.swift */ = {isa = PBXFileReference; fileEncoding = 4; lastKnownFileType = sourcecode.swift; path = Card.swift; sourceTree = "<group>"; };
		D88F53D41BBCC45700F1667A /* CardGameViewController.swift */ = {isa = PBXFileReference; fileEncoding = 4; lastKnownFileType = sourcecode.swift; path = CardGameViewController.swift; sourceTree = "<group>"; usesTabs = 1; };
		D8FDCC4F1BC093E200C22BB2 /* ScoresViewController.swift */ = {isa = PBXFileReference; fileEncoding = 4; lastKnownFileType = sourcecode.swift; path = ScoresViewController.swift; sourceTree = "<group>"; };
/* End PBXFileReference section */

/* Begin PBXFrameworksBuildPhase section */
		D88F53951BBCC3A800F1667A /* Frameworks */ = {
			isa = PBXFrameworksBuildPhase;
			buildActionMask = 2147483647;
			files = (
			);
			runOnlyForDeploymentPostprocessing = 0;
		};
		D88F53A91BBCC3A800F1667A /* Frameworks */ = {
			isa = PBXFrameworksBuildPhase;
			buildActionMask = 2147483647;
			files = (
			);
			runOnlyForDeploymentPostprocessing = 0;
		};
		D88F53B41BBCC3A800F1667A /* Frameworks */ = {
			isa = PBXFrameworksBuildPhase;
			buildActionMask = 2147483647;
			files = (
			);
			runOnlyForDeploymentPostprocessing = 0;
		};
/* End PBXFrameworksBuildPhase section */

/* Begin PBXGroup section */
		D88F538F1BBCC3A800F1667A = {
			isa = PBXGroup;
			children = (
				D88F539A1BBCC3A800F1667A /* Matchismo3 */,
				D88F53AF1BBCC3A800F1667A /* Matchismo3Tests */,
				D88F53BA1BBCC3A800F1667A /* Matchismo3UITests */,
				D88F53991BBCC3A800F1667A /* Products */,
			);
			sourceTree = "<group>";
		};
		D88F53991BBCC3A800F1667A /* Products */ = {
			isa = PBXGroup;
			children = (
				D88F53981BBCC3A800F1667A /* Matchismo3.app */,
				D88F53AC1BBCC3A800F1667A /* Matchismo3Tests.xctest */,
				D88F53B71BBCC3A800F1667A /* Matchismo3UITests.xctest */,
			);
			name = Products;
			sourceTree = "<group>";
		};
		D88F539A1BBCC3A800F1667A /* Matchismo3 */ = {
			isa = PBXGroup;
			children = (
				D88F53D31BBCC43D00F1667A /* Model */,
				D88F53D81BBCC48400F1667A /* Supporting Files */,
				D88F53D61BBCC45C00F1667A /* Controller */,
				D88F53D71BBCC46A00F1667A /* View */,
			);
			path = Matchismo3;
			sourceTree = "<group>";
		};
		D88F53AF1BBCC3A800F1667A /* Matchismo3Tests */ = {
			isa = PBXGroup;
			children = (
				D88F53B01BBCC3A800F1667A /* Matchismo3Tests.swift */,
				D88F53B21BBCC3A800F1667A /* Info.plist */,
			);
			path = Matchismo3Tests;
			sourceTree = "<group>";
		};
		D88F53BA1BBCC3A800F1667A /* Matchismo3UITests */ = {
			isa = PBXGroup;
			children = (
				D88F53BB1BBCC3A800F1667A /* Matchismo3UITests.swift */,
				D88F53BD1BBCC3A800F1667A /* Info.plist */,
			);
			path = Matchismo3UITests;
			sourceTree = "<group>";
		};
		D88F53D31BBCC43D00F1667A /* Model */ = {
			isa = PBXGroup;
			children = (
				D88F53C91BBCC42800F1667A /* CardMatchingGame.swift */,
				D88F53CA1BBCC42800F1667A /* PlayingCardDeck.swift */,
				D88F53CB1BBCC42800F1667A /* PlayingCard.swift */,
				D88F53CC1BBCC42800F1667A /* Deck.swift */,
				D88F53CD1BBCC42800F1667A /* Card.swift */,
				D84F75CF1BC2E80200E17AA9 /* Scores.swift */,
				D8315DD51BC96C4C002A7522 /* RookCard.swift */,
				D8315DD91BCC4295002A7522 /* RookCardDeck.swift */,
			);
			name = Model;
			sourceTree = "<group>";
		};
		D88F53D61BBCC45C00F1667A /* Controller */ = {
			isa = PBXGroup;
			children = (
				D88F53D41BBCC45700F1667A /* CardGameViewController.swift */,
				D8FDCC4F1BC093E200C22BB2 /* ScoresViewController.swift */,
				D88248AB1BC2C770002642F9 /* PlayingCardView.swift */,
				D80B4C521BC5625100B35FAC /* RookCardViewController.swift */,
			);
			name = Controller;
			sourceTree = "<group>";
		};
		D88F53D71BBCC46A00F1667A /* View */ = {
			isa = PBXGroup;
			children = (
				D88F539F1BBCC3A800F1667A /* Main.storyboard */,
				D80B4C541BC5635000B35FAC /* RookCardView.swift */,
			);
			name = View;
			sourceTree = "<group>";
		};
		D88F53D81BBCC48400F1667A /* Supporting Files */ = {
			isa = PBXGroup;
			children = (
				D88F539B1BBCC3A800F1667A /* AppDelegate.swift */,
				D88F53A21BBCC3A800F1667A /* Assets.xcassets */,
				D88F53A41BBCC3A800F1667A /* LaunchScreen.storyboard */,
				D88F53A71BBCC3A800F1667A /* Info.plist */,
			);
			name = "Supporting Files";
			sourceTree = "<group>";
		};
/* End PBXGroup section */

/* Begin PBXNativeTarget section */
		D88F53971BBCC3A800F1667A /* Matchismo3 */ = {
			isa = PBXNativeTarget;
			buildConfigurationList = D88F53C01BBCC3A800F1667A /* Build configuration list for PBXNativeTarget "Matchismo3" */;
			buildPhases = (
				D88F53941BBCC3A800F1667A /* Sources */,
				D88F53951BBCC3A800F1667A /* Frameworks */,
				D88F53961BBCC3A800F1667A /* Resources */,
			);
			buildRules = (
			);
			dependencies = (
			);
			name = Matchismo3;
			productName = Matchismo3;
			productReference = D88F53981BBCC3A800F1667A /* Matchismo3.app */;
			productType = "com.apple.product-type.application";
		};
		D88F53AB1BBCC3A800F1667A /* Matchismo3Tests */ = {
			isa = PBXNativeTarget;
			buildConfigurationList = D88F53C31BBCC3A800F1667A /* Build configuration list for PBXNativeTarget "Matchismo3Tests" */;
			buildPhases = (
				D88F53A81BBCC3A800F1667A /* Sources */,
				D88F53A91BBCC3A800F1667A /* Frameworks */,
				D88F53AA1BBCC3A800F1667A /* Resources */,
			);
			buildRules = (
			);
			dependencies = (
				D88F53AE1BBCC3A800F1667A /* PBXTargetDependency */,
			);
			name = Matchismo3Tests;
			productName = Matchismo3Tests;
			productReference = D88F53AC1BBCC3A800F1667A /* Matchismo3Tests.xctest */;
			productType = "com.apple.product-type.bundle.unit-test";
		};
		D88F53B61BBCC3A800F1667A /* Matchismo3UITests */ = {
			isa = PBXNativeTarget;
			buildConfigurationList = D88F53C61BBCC3A800F1667A /* Build configuration list for PBXNativeTarget "Matchismo3UITests" */;
			buildPhases = (
				D88F53B31BBCC3A800F1667A /* Sources */,
				D88F53B41BBCC3A800F1667A /* Frameworks */,
				D88F53B51BBCC3A800F1667A /* Resources */,
			);
			buildRules = (
			);
			dependencies = (
				D88F53B91BBCC3A800F1667A /* PBXTargetDependency */,
			);
			name = Matchismo3UITests;
			productName = Matchismo3UITests;
			productReference = D88F53B71BBCC3A800F1667A /* Matchismo3UITests.xctest */;
			productType = "com.apple.product-type.bundle.ui-testing";
		};
/* End PBXNativeTarget section */

/* Begin PBXProject section */
		D88F53901BBCC3A800F1667A /* Project object */ = {
			isa = PBXProject;
			attributes = {
				LastUpgradeCheck = 0700;
				ORGANIZATIONNAME = "Nathan Crowther";
				TargetAttributes = {
					D88F53971BBCC3A800F1667A = {
						CreatedOnToolsVersion = 7.0;
						DevelopmentTeam = 2B74646C58;
						SystemCapabilities = {
							com.apple.BackgroundModes = {
								enabled = 1;
							};
						};
					};
					D88F53AB1BBCC3A800F1667A = {
						CreatedOnToolsVersion = 7.0;
						TestTargetID = D88F53971BBCC3A800F1667A;
					};
					D88F53B61BBCC3A800F1667A = {
						CreatedOnToolsVersion = 7.0;
						TestTargetID = D88F53971BBCC3A800F1667A;
					};
				};
			};
			buildConfigurationList = D88F53931BBCC3A800F1667A /* Build configuration list for PBXProject "Matchismo3" */;
			compatibilityVersion = "Xcode 3.2";
			developmentRegion = English;
			hasScannedForEncodings = 0;
			knownRegions = (
				en,
				Base,
			);
			mainGroup = D88F538F1BBCC3A800F1667A;
			productRefGroup = D88F53991BBCC3A800F1667A /* Products */;
			projectDirPath = "";
			projectRoot = "";
			targets = (
				D88F53971BBCC3A800F1667A /* Matchismo3 */,
				D88F53AB1BBCC3A800F1667A /* Matchismo3Tests */,
				D88F53B61BBCC3A800F1667A /* Matchismo3UITests */,
			);
		};
/* End PBXProject section */

/* Begin PBXResourcesBuildPhase section */
		D88F53961BBCC3A800F1667A /* Resources */ = {
			isa = PBXResourcesBuildPhase;
			buildActionMask = 2147483647;
			files = (
				D88F53A61BBCC3A800F1667A /* LaunchScreen.storyboard in Resources */,
				D88F53A31BBCC3A800F1667A /* Assets.xcassets in Resources */,
				D88F53A11BBCC3A800F1667A /* Main.storyboard in Resources */,
			);
			runOnlyForDeploymentPostprocessing = 0;
		};
		D88F53AA1BBCC3A800F1667A /* Resources */ = {
			isa = PBXResourcesBuildPhase;
			buildActionMask = 2147483647;
			files = (
			);
			runOnlyForDeploymentPostprocessing = 0;
		};
		D88F53B51BBCC3A800F1667A /* Resources */ = {
			isa = PBXResourcesBuildPhase;
			buildActionMask = 2147483647;
			files = (
			);
			runOnlyForDeploymentPostprocessing = 0;
		};
/* End PBXResourcesBuildPhase section */

/* Begin PBXSourcesBuildPhase section */
		D88F53941BBCC3A800F1667A /* Sources */ = {
			isa = PBXSourcesBuildPhase;
			buildActionMask = 2147483647;
			files = (
				D88F53D11BBCC42800F1667A /* Deck.swift in Sources */,
				D88248AC1BC2C770002642F9 /* PlayingCardView.swift in Sources */,
				D8315DDA1BCC4295002A7522 /* RookCardDeck.swift in Sources */,
				D84F75D01BC2E80200E17AA9 /* Scores.swift in Sources */,
				D88F53D01BBCC42800F1667A /* PlayingCard.swift in Sources */,
				D88F53D51BBCC45700F1667A /* CardGameViewController.swift in Sources */,
				D80B4C551BC5635000B35FAC /* RookCardView.swift in Sources */,
				D8FDCC501BC093E200C22BB2 /* ScoresViewController.swift in Sources */,
				D88F53D21BBCC42800F1667A /* Card.swift in Sources */,
				D88F53CE1BBCC42800F1667A /* CardMatchingGame.swift in Sources */,
				D80B4C531BC5625100B35FAC /* RookCardViewController.swift in Sources */,
				D8315DD61BC96C4C002A7522 /* RookCard.swift in Sources */,
				D88F53CF1BBCC42800F1667A /* PlayingCardDeck.swift in Sources */,
				D88F539C1BBCC3A800F1667A /* AppDelegate.swift in Sources */,
			);
			runOnlyForDeploymentPostprocessing = 0;
		};
		D88F53A81BBCC3A800F1667A /* Sources */ = {
			isa = PBXSourcesBuildPhase;
			buildActionMask = 2147483647;
			files = (
				D88F53B11BBCC3A800F1667A /* Matchismo3Tests.swift in Sources */,
			);
			runOnlyForDeploymentPostprocessing = 0;
		};
		D88F53B31BBCC3A800F1667A /* Sources */ = {
			isa = PBXSourcesBuildPhase;
			buildActionMask = 2147483647;
			files = (
				D88F53BC1BBCC3A800F1667A /* Matchismo3UITests.swift in Sources */,
			);
			runOnlyForDeploymentPostprocessing = 0;
		};
/* End PBXSourcesBuildPhase section */

/* Begin PBXTargetDependency section */
		D88F53AE1BBCC3A800F1667A /* PBXTargetDependency */ = {
			isa = PBXTargetDependency;
			target = D88F53971BBCC3A800F1667A /* Matchismo3 */;
			targetProxy = D88F53AD1BBCC3A800F1667A /* PBXContainerItemProxy */;
		};
		D88F53B91BBCC3A800F1667A /* PBXTargetDependency */ = {
			isa = PBXTargetDependency;
			target = D88F53971BBCC3A800F1667A /* Matchismo3 */;
			targetProxy = D88F53B81BBCC3A800F1667A /* PBXContainerItemProxy */;
		};
/* End PBXTargetDependency section */

/* Begin PBXVariantGroup section */
		D88F539F1BBCC3A800F1667A /* Main.storyboard */ = {
			isa = PBXVariantGroup;
			children = (
				D88F53A01BBCC3A800F1667A /* Base */,
			);
			name = Main.storyboard;
			sourceTree = "<group>";
		};
		D88F53A41BBCC3A800F1667A /* LaunchScreen.storyboard */ = {
			isa = PBXVariantGroup;
			children = (
				D88F53A51BBCC3A800F1667A /* Base */,
			);
			name = LaunchScreen.storyboard;
			sourceTree = "<group>";
		};
/* End PBXVariantGroup section */

/* Begin XCBuildConfiguration section */
		D88F53BE1BBCC3A800F1667A /* Debug */ = {
			isa = XCBuildConfiguration;
			buildSettings = {
				ALWAYS_SEARCH_USER_PATHS = NO;
				CLANG_CXX_LANGUAGE_STANDARD = "gnu++0x";
				CLANG_CXX_LIBRARY = "libc++";
				CLANG_ENABLE_MODULES = YES;
				CLANG_ENABLE_OBJC_ARC = YES;
				CLANG_WARN_BOOL_CONVERSION = YES;
				CLANG_WARN_CONSTANT_CONVERSION = YES;
				CLANG_WARN_DIRECT_OBJC_ISA_USAGE = YES_ERROR;
				CLANG_WARN_EMPTY_BODY = YES;
				CLANG_WARN_ENUM_CONVERSION = YES;
				CLANG_WARN_INT_CONVERSION = YES;
				CLANG_WARN_OBJC_ROOT_CLASS = YES_ERROR;
				CLANG_WARN_UNREACHABLE_CODE = YES;
				CLANG_WARN__DUPLICATE_METHOD_MATCH = YES;
				"CODE_SIGN_IDENTITY[sdk=iphoneos*]" = "iPhone Developer";
				COPY_PHASE_STRIP = NO;
				DEBUG_INFORMATION_FORMAT = dwarf;
				ENABLE_STRICT_OBJC_MSGSEND = YES;
				ENABLE_TESTABILITY = YES;
				GCC_C_LANGUAGE_STANDARD = gnu99;
				GCC_DYNAMIC_NO_PIC = NO;
				GCC_NO_COMMON_BLOCKS = YES;
				GCC_OPTIMIZATION_LEVEL = 0;
				GCC_PREPROCESSOR_DEFINITIONS = (
					"DEBUG=1",
					"$(inherited)",
				);
				GCC_WARN_64_TO_32_BIT_CONVERSION = YES;
				GCC_WARN_ABOUT_RETURN_TYPE = YES_ERROR;
				GCC_WARN_UNDECLARED_SELECTOR = YES;
				GCC_WARN_UNINITIALIZED_AUTOS = YES_AGGRESSIVE;
				GCC_WARN_UNUSED_FUNCTION = YES;
				GCC_WARN_UNUSED_VARIABLE = YES;
				IPHONEOS_DEPLOYMENT_TARGET = 9.0;
				MTL_ENABLE_DEBUG_INFO = YES;
				ONLY_ACTIVE_ARCH = YES;
				SDKROOT = iphoneos;
				SWIFT_OPTIMIZATION_LEVEL = "-Onone";
			};
			name = Debug;
		};
		D88F53BF1BBCC3A800F1667A /* Release */ = {
			isa = XCBuildConfiguration;
			buildSettings = {
				ALWAYS_SEARCH_USER_PATHS = NO;
				CLANG_CXX_LANGUAGE_STANDARD = "gnu++0x";
				CLANG_CXX_LIBRARY = "libc++";
				CLANG_ENABLE_MODULES = YES;
				CLANG_ENABLE_OBJC_ARC = YES;
				CLANG_WARN_BOOL_CONVERSION = YES;
				CLANG_WARN_CONSTANT_CONVERSION = YES;
				CLANG_WARN_DIRECT_OBJC_ISA_USAGE = YES_ERROR;
				CLANG_WARN_EMPTY_BODY = YES;
				CLANG_WARN_ENUM_CONVERSION = YES;
				CLANG_WARN_INT_CONVERSION = YES;
				CLANG_WARN_OBJC_ROOT_CLASS = YES_ERROR;
				CLANG_WARN_UNREACHABLE_CODE = YES;
				CLANG_WARN__DUPLICATE_METHOD_MATCH = YES;
				"CODE_SIGN_IDENTITY[sdk=iphoneos*]" = "iPhone Developer";
				COPY_PHASE_STRIP = NO;
				DEBUG_INFORMATION_FORMAT = "dwarf-with-dsym";
				ENABLE_NS_ASSERTIONS = NO;
				ENABLE_STRICT_OBJC_MSGSEND = YES;
				GCC_C_LANGUAGE_STANDARD = gnu99;
				GCC_NO_COMMON_BLOCKS = YES;
				GCC_WARN_64_TO_32_BIT_CONVERSION = YES;
				GCC_WARN_ABOUT_RETURN_TYPE = YES_ERROR;
				GCC_WARN_UNDECLARED_SELECTOR = YES;
				GCC_WARN_UNINITIALIZED_AUTOS = YES_AGGRESSIVE;
				GCC_WARN_UNUSED_FUNCTION = YES;
				GCC_WARN_UNUSED_VARIABLE = YES;
				IPHONEOS_DEPLOYMENT_TARGET = 9.0;
				MTL_ENABLE_DEBUG_INFO = NO;
				SDKROOT = iphoneos;
				VALIDATE_PRODUCT = YES;
			};
			name = Release;
		};
		D88F53C11BBCC3A800F1667A /* Debug */ = {
			isa = XCBuildConfiguration;
			buildSettings = {
				ASSETCATALOG_COMPILER_APPICON_NAME = AppIcon;
				CODE_SIGN_IDENTITY = "iPhone Developer";
				"CODE_SIGN_IDENTITY[sdk=iphoneos*]" = "iPhone Developer";
				INFOPLIST_FILE = Matchismo3/Info.plist;
				LD_RUNPATH_SEARCH_PATHS = "$(inherited) @executable_path/Frameworks";
				PRODUCT_BUNDLE_IDENTIFIER = com.thecrownest.Matchismo3;
				PRODUCT_NAME = "$(TARGET_NAME)";
				PROVISIONING_PROFILE = "";
			};
			name = Debug;
		};
		D88F53C21BBCC3A800F1667A /* Release */ = {
			isa = XCBuildConfiguration;
			buildSettings = {
				ASSETCATALOG_COMPILER_APPICON_NAME = AppIcon;
				CODE_SIGN_IDENTITY = "iPhone Developer";
				"CODE_SIGN_IDENTITY[sdk=iphoneos*]" = "iPhone Developer";
				INFOPLIST_FILE = Matchismo3/Info.plist;
				LD_RUNPATH_SEARCH_PATHS = "$(inherited) @executable_path/Frameworks";
				PRODUCT_BUNDLE_IDENTIFIER = com.thecrownest.Matchismo3;
				PRODUCT_NAME = "$(TARGET_NAME)";
				PROVISIONING_PROFILE = "";
			};
			name = Release;
		};
		D88F53C41BBCC3A800F1667A /* Debug */ = {
			isa = XCBuildConfiguration;
			buildSettings = {
				BUNDLE_LOADER = "$(TEST_HOST)";
				INFOPLIST_FILE = Matchismo3Tests/Info.plist;
				LD_RUNPATH_SEARCH_PATHS = "$(inherited) @executable_path/Frameworks @loader_path/Frameworks";
				PRODUCT_BUNDLE_IDENTIFIER = com.thecrownest.Matchismo3Tests;
				PRODUCT_NAME = "$(TARGET_NAME)";
				TEST_HOST = "$(BUILT_PRODUCTS_DIR)/Matchismo3.app/Matchismo3";
			};
			name = Debug;
		};
		D88F53C51BBCC3A800F1667A /* Release */ = {
			isa = XCBuildConfiguration;
			buildSettings = {
				BUNDLE_LOADER = "$(TEST_HOST)";
				INFOPLIST_FILE = Matchismo3Tests/Info.plist;
				LD_RUNPATH_SEARCH_PATHS = "$(inherited) @executable_path/Frameworks @loader_path/Frameworks";
				PRODUCT_BUNDLE_IDENTIFIER = com.thecrownest.Matchismo3Tests;
				PRODUCT_NAME = "$(TARGET_NAME)";
				TEST_HOST = "$(BUILT_PRODUCTS_DIR)/Matchismo3.app/Matchismo3";
			};
			name = Release;
		};
		D88F53C71BBCC3A800F1667A /* Debug */ = {
			isa = XCBuildConfiguration;
			buildSettings = {
				INFOPLIST_FILE = Matchismo3UITests/Info.plist;
				LD_RUNPATH_SEARCH_PATHS = "$(inherited) @executable_path/Frameworks @loader_path/Frameworks";
				PRODUCT_BUNDLE_IDENTIFIER = com.thecrownest.Matchismo3UITests;
				PRODUCT_NAME = "$(TARGET_NAME)";
				TEST_TARGET_NAME = Matchismo3;
				USES_XCTRUNNER = YES;
			};
			name = Debug;
		};
		D88F53C81BBCC3A800F1667A /* Release */ = {
			isa = XCBuildConfiguration;
			buildSettings = {
				INFOPLIST_FILE = Matchismo3UITests/Info.plist;
				LD_RUNPATH_SEARCH_PATHS = "$(inherited) @executable_path/Frameworks @loader_path/Frameworks";
				PRODUCT_BUNDLE_IDENTIFIER = com.thecrownest.Matchismo3UITests;
				PRODUCT_NAME = "$(TARGET_NAME)";
				TEST_TARGET_NAME = Matchismo3;
				USES_XCTRUNNER = YES;
			};
			name = Release;
		};
/* End XCBuildConfiguration section */

/* Begin XCConfigurationList section */
		D88F53931BBCC3A800F1667A /* Build configuration list for PBXProject "Matchismo3" */ = {
			isa = XCConfigurationList;
			buildConfigurations = (
				D88F53BE1BBCC3A800F1667A /* Debug */,
				D88F53BF1BBCC3A800F1667A /* Release */,
			);
			defaultConfigurationIsVisible = 0;
			defaultConfigurationName = Release;
		};
		D88F53C01BBCC3A800F1667A /* Build configuration list for PBXNativeTarget "Matchismo3" */ = {
			isa = XCConfigurationList;
			buildConfigurations = (
				D88F53C11BBCC3A800F1667A /* Debug */,
				D88F53C21BBCC3A800F1667A /* Release */,
			);
			defaultConfigurationIsVisible = 0;
			defaultConfigurationName = Release;
		};
		D88F53C31BBCC3A800F1667A /* Build configuration list for PBXNativeTarget "Matchismo3Tests" */ = {
			isa = XCConfigurationList;
			buildConfigurations = (
				D88F53C41BBCC3A800F1667A /* Debug */,
				D88F53C51BBCC3A800F1667A /* Release */,
			);
			defaultConfigurationIsVisible = 0;
			defaultConfigurationName = Release;
		};
		D88F53C61BBCC3A800F1667A /* Build configuration list for PBXNativeTarget "Matchismo3UITests" */ = {
			isa = XCConfigurationList;
			buildConfigurations = (
				D88F53C71BBCC3A800F1667A /* Debug */,
				D88F53C81BBCC3A800F1667A /* Release */,
			);
			defaultConfigurationIsVisible = 0;
			defaultConfigurationName = Release;
		};
/* End XCConfigurationList section */
	};
	rootObject = D88F53901BBCC3A800F1667A /* Project object */;
}
